
Microsoft Visual Studio Solution File, Format Version 12.00
# Visual Studio Version 16
VisualStudioVersion = 16.0.31613.86
MinimumVisualStudioVersion = 10.0.40219.1
Project("{FAE04EC0-301F-11D3-BF4B-00C04F79EFBC}") = "CaseAPI", "CaseAPI.csproj", "{4D47B693-DD03-44AE-9551-B60A43D938C2}"
EndProject
Global
	GlobalSection(SolutionConfigurationPlatforms) = preSolution
		Debug|Any CPU = Debug|Any CPU
		Release|Any CPU = Release|Any CPU
	EndGlobalSection
	GlobalSection(ProjectConfigurationPlatforms) = postSolution
		{4D47B693-DD03-44AE-9551-B60A43D938C2}.Debug|Any CPU.ActiveCfg = Debug|Any CPU
		{4D47B693-DD03-44AE-9551-B60A43D938C2}.Debug|Any CPU.Build.0 = Debug|Any CPU
		{4D47B693-DD03-44AE-9551-B60A43D938C2}.Release|Any CPU.ActiveCfg = Release|Any CPU
		{4D47B693-DD03-44AE-9551-B60A43D938C2}.Release|Any CPU.Build.0 = Release|Any CPU
	EndGlobalSection
	GlobalSection(SolutionProperties) = preSolution
		HideSolutionNode = FALSE
	EndGlobalSection
	GlobalSection(ExtensibilityGlobals) = postSolution
		SolutionGuid = {17BAC0AA-BD75-4362-A2E2-4A4D096A72DC}
	EndGlobalSection
EndGlobal
